
Microsoft Visual Studio Solution File, Format Version 12.00
# Visual Studio Version 17
VisualStudioVersion = 17.9.34902.65
MinimumVisualStudioVersion = 10.0.40219.1
Project("{FAE04EC0-301F-11D3-BF4B-00C04F79EFBC}") = "FitnessApp", "FitnessApp\FitnessApp.csproj", "{675AAD53-45F5-4D73-B299-D72010EABA49}"
EndProject
Global
	GlobalSection(SolutionConfigurationPlatforms) = preSolution
		Debug|Any CPU = Debug|Any CPU
		Release|Any CPU = Release|Any CPU
	EndGlobalSection
	GlobalSection(ProjectConfigurationPlatforms) = postSolution
		{675AAD53-45F5-4D73-B299-D72010EABA49}.Debug|Any CPU.ActiveCfg = Debug|Any CPU
		{675AAD53-45F5-4D73-B299-D72010EABA49}.Debug|Any CPU.Build.0 = Debug|Any CPU
		{675AAD53-45F5-4D73-B299-D72010EABA49}.Debug|Any CPU.Deploy.0 = Debug|Any CPU
		{675AAD53-45F5-4D73-B299-D72010EABA49}.Release|Any CPU.ActiveCfg = Debug|Any CPU
		{675AAD53-45F5-4D73-B299-D72010EABA49}.Release|Any CPU.Build.0 = Debug|Any CPU
		{675AAD53-45F5-4D73-B299-D72010EABA49}.Release|Any CPU.Deploy.0 = Debug|Any CPU
	EndGlobalSection
	GlobalSection(SolutionProperties) = preSolution
		HideSolutionNode = FALSE
	EndGlobalSection
	GlobalSection(ExtensibilityGlobals) = postSolution
		SolutionGuid = {D01F0D4B-2C82-495C-BBA3-2ADAB3BE8CA6}
	EndGlobalSection
EndGlobal
